
Microsoft Visual Studio Solution File, Format Version 12.00
# Visual Studio Version 17
VisualStudioVersion = 17.10.34707.107
MinimumVisualStudioVersion = 10.0.40219.1
Project("{2150E333-8FDC-42A3-9474-1A3956D46DE8}") = "src", "src", "{AEE03415-A31E-4E83-AD80-FBB3A5F006F7}"
EndProject
Project("{2150E333-8FDC-42A3-9474-1A3956D46DE8}") = "test", "test", "{35F03D3D-D6DE-402F-81C0-4085AC2FC596}"
EndProject
Project("{2150E333-8FDC-42A3-9474-1A3956D46DE8}") = "api", "api", "{977014E0-9AF4-48B1-B090-C20520FD573E}"
EndProject
Project("{2150E333-8FDC-42A3-9474-1A3956D46DE8}") = "core", "core", "{79B477EF-7519-48B0-AB2E-464848B28746}"
EndProject
Project("{2150E333-8FDC-42A3-9474-1A3956D46DE8}") = "infrastructure", "infrastructure", "{3544F8C0-C04A-4C70-BF4D-293E2D5B427C}"
EndProject
Project("{2150E333-8FDC-42A3-9474-1A3956D46DE8}") = "ui", "ui", "{A5DB2576-2211-4FA7-844C-4184DC06D8EE}"
EndProject
Project("{9A19103F-16F7-4668-BE54-9A1E7A4F7556}") = "Domain", "Domain\Domain.csproj", "{D29FDBEF-763C-44AA-A3CD-729603861BBC}"
EndProject
Project("{FAE04EC0-301F-11D3-BF4B-00C04F79EFBC}") = "Application", "Application\Application.csproj", "{509DF78F-767B-49DC-8122-7C2F987AFF54}"
EndProject
Global
	GlobalSection(SolutionConfigurationPlatforms) = preSolution
		Debug|Any CPU = Debug|Any CPU
		Release|Any CPU = Release|Any CPU
	EndGlobalSection
	GlobalSection(ProjectConfigurationPlatforms) = postSolution
		{D29FDBEF-763C-44AA-A3CD-729603861BBC}.Debug|Any CPU.ActiveCfg = Debug|Any CPU
		{D29FDBEF-763C-44AA-A3CD-729603861BBC}.Debug|Any CPU.Build.0 = Debug|Any CPU
		{D29FDBEF-763C-44AA-A3CD-729603861BBC}.Release|Any CPU.ActiveCfg = Release|Any CPU
		{D29FDBEF-763C-44AA-A3CD-729603861BBC}.Release|Any CPU.Build.0 = Release|Any CPU
		{509DF78F-767B-49DC-8122-7C2F987AFF54}.Debug|Any CPU.ActiveCfg = Debug|Any CPU
		{509DF78F-767B-49DC-8122-7C2F987AFF54}.Debug|Any CPU.Build.0 = Debug|Any CPU
		{509DF78F-767B-49DC-8122-7C2F987AFF54}.Release|Any CPU.ActiveCfg = Release|Any CPU
		{509DF78F-767B-49DC-8122-7C2F987AFF54}.Release|Any CPU.Build.0 = Release|Any CPU
	EndGlobalSection
	GlobalSection(SolutionProperties) = preSolution
		HideSolutionNode = FALSE
	EndGlobalSection
	GlobalSection(NestedProjects) = preSolution
		{977014E0-9AF4-48B1-B090-C20520FD573E} = {AEE03415-A31E-4E83-AD80-FBB3A5F006F7}
		{79B477EF-7519-48B0-AB2E-464848B28746} = {AEE03415-A31E-4E83-AD80-FBB3A5F006F7}
		{3544F8C0-C04A-4C70-BF4D-293E2D5B427C} = {AEE03415-A31E-4E83-AD80-FBB3A5F006F7}
		{A5DB2576-2211-4FA7-844C-4184DC06D8EE} = {AEE03415-A31E-4E83-AD80-FBB3A5F006F7}
		{D29FDBEF-763C-44AA-A3CD-729603861BBC} = {79B477EF-7519-48B0-AB2E-464848B28746}
		{509DF78F-767B-49DC-8122-7C2F987AFF54} = {79B477EF-7519-48B0-AB2E-464848B28746}
	EndGlobalSection
	GlobalSection(ExtensibilityGlobals) = postSolution
		SolutionGuid = {0878FA1A-A568-430B-87E2-B680554E1AE9}
	EndGlobalSection
EndGlobal
