Microsoft Visual Studio Solution File, Format Version 12.00
# Visual Studio Version 17
VisualStudioVersion = 17.8.0.0
MinimumVisualStudioVersion = 17.8.0.0
Project("{9A19103F-16F7-4668-BE54-9A1E7A4F7556}") = "NarForum.AppHost", "NarForum.AppHost\NarForum.AppHost.csproj", "{C9A18296-78E7-44B4-AF5A-DCB0719062A4}"
EndProject
Project("{9A19103F-16F7-4668-BE54-9A1E7A4F7556}") = "NarForum.ServiceDefaults", "NarForum.ServiceDefaults\NarForum.ServiceDefaults.csproj", "{86792C07-CF10-4E30-BDA5-7575138807CF}"
EndProject
Project("{2150E333-8FDC-42A3-9474-1A3956D46DE8}") = "src", "src", "{FBCFA5A0-CD9E-44C2-8D88-B23D62B82FF0}"
EndProject
Project("{2150E333-8FDC-42A3-9474-1A3956D46DE8}") = "api", "api", "{2119B424-8775-484F-A83C-7EF68736F832}"
EndProject
Project("{2150E333-8FDC-42A3-9474-1A3956D46DE8}") = "core", "core", "{814D3DC5-78E3-4195-8CD8-3E68D007C3D1}"
EndProject
Project("{2150E333-8FDC-42A3-9474-1A3956D46DE8}") = "infrastructure", "infrastructure", "{F65955BE-8FD7-4622-89C0-1B05D9658149}"
EndProject
Project("{2150E333-8FDC-42A3-9474-1A3956D46DE8}") = "ui", "ui", "{6F29705D-F1C8-4A12-9A2E-28096AA7CA7E}"
EndProject
Project("{FAE04EC0-301F-11D3-BF4B-00C04F79EFBC}") = "Api", "Api\Api.csproj", "{EFF5027C-501D-412A-8A53-AA5C49956952}"
EndProject
Project("{FAE04EC0-301F-11D3-BF4B-00C04F79EFBC}") = "Application", "Application\Application.csproj", "{8B230A4D-C7B8-48C7-A1CC-8E99DA683036}"
EndProject
Project("{FAE04EC0-301F-11D3-BF4B-00C04F79EFBC}") = "Domain", "Domain\Domain.csproj", "{A59948C1-F2AC-46EF-9CB1-681DF9CAC99F}"
EndProject
Project("{FAE04EC0-301F-11D3-BF4B-00C04F79EFBC}") = "NarForumAdmin", "NarForumAdmin\NarForumAdmin.csproj", "{D2C7E18F-0A02-4275-86EC-2E020B91D33E}"
EndProject
Project("{FAE04EC0-301F-11D3-BF4B-00C04F79EFBC}") = "NarForumUser", "NarForumUser\NarForumUser\NarForumUser.csproj", "{AFDDEC9B-79C7-4B92-99BB-1A46B60CBD0A}"
EndProject
Project("{FAE04EC0-301F-11D3-BF4B-00C04F79EFBC}") = "NarForumUser.Client", "NarForumUser\NarForumUser.Client\NarForumUser.Client.csproj", "{30584816-E874-4782-8F45-25CF55CDB09E}"
EndProject
Project("{FAE04EC0-301F-11D3-BF4B-00C04F79EFBC}") = "Persistence", "Persistence\Persistence.csproj", "{15B3BE6D-8B68-4DF9-BFCA-59D5BD488B88}"
EndProject
Project("{FAE04EC0-301F-11D3-BF4B-00C04F79EFBC}") = "Identity", "Identity\Identity.csproj", "{C5F33B01-1D06-420D-9968-D8EF7AFEA0E9}"
EndProject
Global
	GlobalSection(SolutionConfigurationPlatforms) = preSolution
		Debug|Any CPU = Debug|Any CPU
		Release|Any CPU = Release|Any CPU
	EndGlobalSection
	GlobalSection(ProjectConfigurationPlatforms) = postSolution
		{C9A18296-78E7-44B4-AF5A-DCB0719062A4}.Debug|Any CPU.ActiveCfg = Debug|Any CPU
		{C9A18296-78E7-44B4-AF5A-DCB0719062A4}.Debug|Any CPU.Build.0 = Debug|Any CPU
		{C9A18296-78E7-44B4-AF5A-DCB0719062A4}.Release|Any CPU.ActiveCfg = Release|Any CPU
		{C9A18296-78E7-44B4-AF5A-DCB0719062A4}.Release|Any CPU.Build.0 = Release|Any CPU
		{86792C07-CF10-4E30-BDA5-7575138807CF}.Debug|Any CPU.ActiveCfg = Debug|Any CPU
		{86792C07-CF10-4E30-BDA5-7575138807CF}.Debug|Any CPU.Build.0 = Debug|Any CPU
		{86792C07-CF10-4E30-BDA5-7575138807CF}.Release|Any CPU.ActiveCfg = Release|Any CPU
		{86792C07-CF10-4E30-BDA5-7575138807CF}.Release|Any CPU.Build.0 = Release|Any CPU
		{EFF5027C-501D-412A-8A53-AA5C49956952}.Debug|Any CPU.ActiveCfg = Debug|Any CPU
		{EFF5027C-501D-412A-8A53-AA5C49956952}.Debug|Any CPU.Build.0 = Debug|Any CPU
		{EFF5027C-501D-412A-8A53-AA5C49956952}.Release|Any CPU.ActiveCfg = Release|Any CPU
		{EFF5027C-501D-412A-8A53-AA5C49956952}.Release|Any CPU.Build.0 = Release|Any CPU
		{8B230A4D-C7B8-48C7-A1CC-8E99DA683036}.Debug|Any CPU.ActiveCfg = Debug|Any CPU
		{8B230A4D-C7B8-48C7-A1CC-8E99DA683036}.Debug|Any CPU.Build.0 = Debug|Any CPU
		{8B230A4D-C7B8-48C7-A1CC-8E99DA683036}.Release|Any CPU.ActiveCfg = Release|Any CPU
		{8B230A4D-C7B8-48C7-A1CC-8E99DA683036}.Release|Any CPU.Build.0 = Release|Any CPU
		{A59948C1-F2AC-46EF-9CB1-681DF9CAC99F}.Debug|Any CPU.ActiveCfg = Debug|Any CPU
		{A59948C1-F2AC-46EF-9CB1-681DF9CAC99F}.Debug|Any CPU.Build.0 = Debug|Any CPU
		{A59948C1-F2AC-46EF-9CB1-681DF9CAC99F}.Release|Any CPU.ActiveCfg = Release|Any CPU
		{A59948C1-F2AC-46EF-9CB1-681DF9CAC99F}.Release|Any CPU.Build.0 = Release|Any CPU
		{D2C7E18F-0A02-4275-86EC-2E020B91D33E}.Debug|Any CPU.ActiveCfg = Debug|Any CPU
		{D2C7E18F-0A02-4275-86EC-2E020B91D33E}.Debug|Any CPU.Build.0 = Debug|Any CPU
		{D2C7E18F-0A02-4275-86EC-2E020B91D33E}.Release|Any CPU.ActiveCfg = Release|Any CPU
		{D2C7E18F-0A02-4275-86EC-2E020B91D33E}.Release|Any CPU.Build.0 = Release|Any CPU
		{AFDDEC9B-79C7-4B92-99BB-1A46B60CBD0A}.Debug|Any CPU.ActiveCfg = Debug|Any CPU
		{AFDDEC9B-79C7-4B92-99BB-1A46B60CBD0A}.Debug|Any CPU.Build.0 = Debug|Any CPU
		{AFDDEC9B-79C7-4B92-99BB-1A46B60CBD0A}.Release|Any CPU.ActiveCfg = Release|Any CPU
		{AFDDEC9B-79C7-4B92-99BB-1A46B60CBD0A}.Release|Any CPU.Build.0 = Release|Any CPU
		{30584816-E874-4782-8F45-25CF55CDB09E}.Debug|Any CPU.ActiveCfg = Debug|Any CPU
		{30584816-E874-4782-8F45-25CF55CDB09E}.Debug|Any CPU.Build.0 = Debug|Any CPU
		{30584816-E874-4782-8F45-25CF55CDB09E}.Release|Any CPU.ActiveCfg = Release|Any CPU
		{30584816-E874-4782-8F45-25CF55CDB09E}.Release|Any CPU.Build.0 = Release|Any CPU
		{15B3BE6D-8B68-4DF9-BFCA-59D5BD488B88}.Debug|Any CPU.ActiveCfg = Debug|Any CPU
		{15B3BE6D-8B68-4DF9-BFCA-59D5BD488B88}.Debug|Any CPU.Build.0 = Debug|Any CPU
		{15B3BE6D-8B68-4DF9-BFCA-59D5BD488B88}.Release|Any CPU.ActiveCfg = Release|Any CPU
		{15B3BE6D-8B68-4DF9-BFCA-59D5BD488B88}.Release|Any CPU.Build.0 = Release|Any CPU
		{C5F33B01-1D06-420D-9968-D8EF7AFEA0E9}.Debug|Any CPU.ActiveCfg = Debug|Any CPU
		{C5F33B01-1D06-420D-9968-D8EF7AFEA0E9}.Debug|Any CPU.Build.0 = Debug|Any CPU
		{C5F33B01-1D06-420D-9968-D8EF7AFEA0E9}.Release|Any CPU.ActiveCfg = Release|Any CPU
		{C5F33B01-1D06-420D-9968-D8EF7AFEA0E9}.Release|Any CPU.Build.0 = Release|Any CPU
	EndGlobalSection
	GlobalSection(SolutionProperties) = preSolution
		HideSolutionNode = FALSE
	EndGlobalSection
	GlobalSection(NestedProjects) = preSolution
		{2119B424-8775-484F-A83C-7EF68736F832} = {FBCFA5A0-CD9E-44C2-8D88-B23D62B82FF0}
		{814D3DC5-78E3-4195-8CD8-3E68D007C3D1} = {FBCFA5A0-CD9E-44C2-8D88-B23D62B82FF0}
		{F65955BE-8FD7-4622-89C0-1B05D9658149} = {FBCFA5A0-CD9E-44C2-8D88-B23D62B82FF0}
		{6F29705D-F1C8-4A12-9A2E-28096AA7CA7E} = {F65955BE-8FD7-4622-89C0-1B05D9658149}
		{EFF5027C-501D-412A-8A53-AA5C49956952} = {2119B424-8775-484F-A83C-7EF68736F832}
		{8B230A4D-C7B8-48C7-A1CC-8E99DA683036} = {814D3DC5-78E3-4195-8CD8-3E68D007C3D1}
		{A59948C1-F2AC-46EF-9CB1-681DF9CAC99F} = {814D3DC5-78E3-4195-8CD8-3E68D007C3D1}
		{D2C7E18F-0A02-4275-86EC-2E020B91D33E} = {6F29705D-F1C8-4A12-9A2E-28096AA7CA7E}
		{AFDDEC9B-79C7-4B92-99BB-1A46B60CBD0A} = {6F29705D-F1C8-4A12-9A2E-28096AA7CA7E}
		{30584816-E874-4782-8F45-25CF55CDB09E} = {6F29705D-F1C8-4A12-9A2E-28096AA7CA7E}
		{15B3BE6D-8B68-4DF9-BFCA-59D5BD488B88} = {F65955BE-8FD7-4622-89C0-1B05D9658149}
		{C5F33B01-1D06-420D-9968-D8EF7AFEA0E9} = {F65955BE-8FD7-4622-89C0-1B05D9658149}
	EndGlobalSection
	GlobalSection(ExtensibilityGlobals) = postSolution
		SolutionGuid = {7289EAAB-E435-402D-B1A7-6CC383416ACC}
	EndGlobalSection
EndGlobal
